{
  "nodes": {
    "flake-utils": {
      "inputs": {
        "systems": "systems"
      },
      "locked": {
        "lastModified": 1692799911,
        "narHash": "sha256-3eihraek4qL744EvQXsK1Ha6C3CR7nnT8X2qWap4RNk=",
        "owner": "numtide",
        "repo": "flake-utils",
        "rev": "f9e7cf818399d17d347f847525c5a5a8032e4e44",
        "type": "github"
      },
      "original": {
        "owner": "numtide",
        "repo": "flake-utils",
        "type": "github"
      }
    },
    "home-manager": {
      "inputs": {
        "nixpkgs": [
          "nixpkgs"
        ]
      },
      "locked": {
        "lastModified": 1688999869,
        "narHash": "sha256-gLD2UI6+Nb9JV5Wh4FnLHAZwLMiY11RHYBKmBZCxLXc=",
        "owner": "nix-community",
        "repo": "home-manager",
        "rev": "a6d1d954b81caf4c9291b8ac35452fef842f289b",
        "type": "github"
      },
      "original": {
        "owner": "nix-community",
        "repo": "home-manager",
        "type": "github"
      }
    },
    "nixpkgs": {
      "locked": {
        "lastModified": 1688918189,
        "narHash": "sha256-f8ZlJ67LgEUDnN7ZsAyd1/Fyby1VdOXWg4XY/irSGrQ=",
        "owner": "NixOS",
        "repo": "nixpkgs",
        "rev": "408c0e8c15a1c9cf5c3226931b6f283c9867c484",
        "type": "github"
      },
      "original": {
        "owner": "NixOS",
        "ref": "nixos-unstable",
        "repo": "nixpkgs",
        "type": "github"
      }
    },
    "nixpkgs_2": {
      "locked": {
        "lastModified": 1693985761,
        "narHash": "sha256-K5b+7j7Tt3+AqbWkcw+wMeqOAWyCD1MH26FPZyWXpdo=",
        "owner": "NixOS",
        "repo": "nixpkgs",
        "rev": "0bffda19b8af722f8069d09d8b6a24594c80b352",
        "type": "github"
      },
      "original": {
        "owner": "NixOS",
        "ref": "nixos-unstable",
        "repo": "nixpkgs",
        "type": "github"
      }
    },
    "root": {
      "inputs": {
        "home-manager": "home-manager",
        "nixpkgs": "nixpkgs",
        "xmonad-session": "xmonad-session"
      }
    },
    "systems": {
      "locked": {
        "lastModified": 1681028828,
        "narHash": "sha256-Vy1rq5AaRuLzOxct8nz4T6wlgyUR7zLU309k9mBC768=",
        "owner": "nix-systems",
        "repo": "default",
        "rev": "da67096a3b9bf56a91d16901293e51ba5b49a27e",
        "type": "github"
      },
      "original": {
        "owner": "nix-systems",
        "repo": "default",
        "type": "github"
      }
    },
    "xmonad-session": {
      "inputs": {
        "flake-utils": "flake-utils",
        "nixpkgs": "nixpkgs_2"
      },
      "locked": {
        "lastModified": 1694252091,
        "narHash": "sha256-ixzUHrPE5dRjHvGK448jDPhKM2Jir+l2vOg1RafvNxE=",
        "owner": "Tigatoo",
        "repo": "XMonad",
        "rev": "1d7711b0ab6a4fd5d9ae6e06c23e5da57fe72b1f",
        "type": "github"
      },
      "original": {
        "owner": "Tigatoo",
        "repo": "XMonad",
        "type": "github"
      }
    }
  },
  "root": "root",
  "version": 7
}
